
Microsoft Visual Studio Solution File, Format Version 12.00
# Visual Studio Version 16
VisualStudioVersion = 16.0.30523.141
MinimumVisualStudioVersion = 10.0.40219.1
Project("{FAE04EC0-301F-11D3-BF4B-00C04F79EFBC}") = "MultiThreadTest", "MultiThreadTest\MultiThreadTest.csproj", "{B49CD313-7EEA-41DE-ACBB-D9E8FD1C5012}"
EndProject
Global
	GlobalSection(SolutionConfigurationPlatforms) = preSolution
		Debug|Any CPU = Debug|Any CPU
		Release|Any CPU = Release|Any CPU
	EndGlobalSection
	GlobalSection(ProjectConfigurationPlatforms) = postSolution
		{B49CD313-7EEA-41DE-ACBB-D9E8FD1C5012}.Debug|Any CPU.ActiveCfg = Debug|Any CPU
		{B49CD313-7EEA-41DE-ACBB-D9E8FD1C5012}.Debug|Any CPU.Build.0 = Debug|Any CPU
		{B49CD313-7EEA-41DE-ACBB-D9E8FD1C5012}.Release|Any CPU.ActiveCfg = Release|Any CPU
		{B49CD313-7EEA-41DE-ACBB-D9E8FD1C5012}.Release|Any CPU.Build.0 = Release|Any CPU
	EndGlobalSection
	GlobalSection(SolutionProperties) = preSolution
		HideSolutionNode = FALSE
	EndGlobalSection
	GlobalSection(ExtensibilityGlobals) = postSolution
		SolutionGuid = {F8BC24EE-E843-40CB-8A8D-8BEC4B010DA4}
	EndGlobalSection
EndGlobal
